
Microsoft Visual Studio Solution File, Format Version 12.00
# Visual Studio Version 16
VisualStudioVersion = 16.0.31205.134
MinimumVisualStudioVersion = 10.0.40219.1
Project("{FAE04EC0-301F-11D3-BF4B-00C04F79EFBC}") = "GhostInTheCellAI", "GhostInTheCellAI\GhostInTheCellAI.csproj", "{95375E44-1EA3-416F-B150-0B99E68FDBA9}"
EndProject
Global
	GlobalSection(SolutionConfigurationPlatforms) = preSolution
		Debug|Any CPU = Debug|Any CPU
		Release|Any CPU = Release|Any CPU
	EndGlobalSection
	GlobalSection(ProjectConfigurationPlatforms) = postSolution
		{95375E44-1EA3-416F-B150-0B99E68FDBA9}.Debug|Any CPU.ActiveCfg = Debug|Any CPU
		{95375E44-1EA3-416F-B150-0B99E68FDBA9}.Debug|Any CPU.Build.0 = Debug|Any CPU
		{95375E44-1EA3-416F-B150-0B99E68FDBA9}.Release|Any CPU.ActiveCfg = Release|Any CPU
		{95375E44-1EA3-416F-B150-0B99E68FDBA9}.Release|Any CPU.Build.0 = Release|Any CPU
	EndGlobalSection
	GlobalSection(SolutionProperties) = preSolution
		HideSolutionNode = FALSE
	EndGlobalSection
	GlobalSection(ExtensibilityGlobals) = postSolution
		SolutionGuid = {F601817F-55F9-4472-8C8A-35D69428C0A6}
	EndGlobalSection
EndGlobal
